{
  "object": {
    "pins": [
      {
        "package": "Tonic",
        "repositoryURL": "https://github.com/Audulus/Tonic.git",
        "state": {
          "branch": "main",
          "revision": "9daaf789fd4125c841ea4c427e100001bde78d0f",
          "version": null
        }
      }
    ]
  },
  "version": 1
}
