{
  "object": {
    "pins": [
      {
        "package": "Tonic",
        "repositoryURL": "https://github.com/Audulus/Tonic.git",
        "state": {
          "branch": "main",
          "revision": "4c3ec307eda072974412a1a4e55fcbccfba68fcc",
          "version": null
        }
      }
    ]
  },
  "version": 1
}
