{
  "object": {
    "pins": [
      {
        "package": "Tonic",
        "repositoryURL": "https://github.com/Audulus/Tonic.git",
        "state": {
          "branch": "main",
          "revision": "fd625167aaf62e1b636a93d188a653c146894baf",
          "version": null
        }
      }
    ]
  },
  "version": 1
}
