{
  "object": {
    "pins": [
      {
        "package": "Tonic",
        "repositoryURL": "https://github.com/AudioKit/Tonic.git",
        "state": {
          "branch": null,
          "revision": "77f74471a5166f8ea642b7577078f3f3982fd456",
          "version": "1.0.6"
        }
      }
    ]
  },
  "version": 1
}
