{
  "object": {
    "pins": [
      {
        "package": "Tonic",
        "repositoryURL": "https://github.com/Audulus/Tonic.git",
        "state": {
          "branch": "main",
          "revision": "bae44fdcf1e6ef82ceba9fba4e5b0c0462d6fb25",
          "version": null
        }
      }
    ]
  },
  "version": 1
}
