{
  "object": {
    "pins": [
      {
        "package": "Tonic",
        "repositoryURL": "https://github.com/AudioKit/Tonic.git",
        "state": {
          "branch": null,
          "revision": "bbc6e238a64cbda95cbeaaccd7c3cd62b328f5f0",
          "version": "1.0.4"
        }
      }
    ]
  },
  "version": 1
}
