// !$*UTF8*$!
{
	archiveVersion = 1;
	classes = {
	};
	objectVersion = 55;
	objects = {

/* Begin PBXBuildFile section */
		F1B7598E2848C56C0042846A /* KeyboardDemoApp.swift in Sources */ = {isa = PBXBuildFile; fileRef = F1B7597E2848C56B0042846A /* KeyboardDemoApp.swift */; };
		F1B7598F2848C56C0042846A /* KeyboardDemoApp.swift in Sources */ = {isa = PBXBuildFile; fileRef = F1B7597E2848C56B0042846A /* KeyboardDemoApp.swift */; };
		F1B759902848C56C0042846A /* ContentView.swift in Sources */ = {isa = PBXBuildFile; fileRef = F1B7597F2848C56B0042846A /* ContentView.swift */; };
		F1B759912848C56C0042846A /* ContentView.swift in Sources */ = {isa = PBXBuildFile; fileRef = F1B7597F2848C56B0042846A /* ContentView.swift */; };
		F1B759922848C56C0042846A /* Assets.xcassets in Resources */ = {isa = PBXBuildFile; fileRef = F1B759802848C56C0042846A /* Assets.xcassets */; };
		F1B759932848C56C0042846A /* Assets.xcassets in Resources */ = {isa = PBXBuildFile; fileRef = F1B759802848C56C0042846A /* Assets.xcassets */; };
		F1B759A02848C5F20042846A /* Keyboard in Frameworks */ = {isa = PBXBuildFile; productRef = F1B7599F2848C5F20042846A /* Keyboard */; };
		F1B759A22848C5FB0042846A /* Keyboard in Frameworks */ = {isa = PBXBuildFile; productRef = F1B759A12848C5FB0042846A /* Keyboard */; };
/* End PBXBuildFile section */

/* Begin PBXFileReference section */
		F1B7597E2848C56B0042846A /* KeyboardDemoApp.swift */ = {isa = PBXFileReference; lastKnownFileType = sourcecode.swift; path = KeyboardDemoApp.swift; sourceTree = "<group>"; };
		F1B7597F2848C56B0042846A /* ContentView.swift */ = {isa = PBXFileReference; lastKnownFileType = sourcecode.swift; path = ContentView.swift; sourceTree = "<group>"; };
		F1B759802848C56C0042846A /* Assets.xcassets */ = {isa = PBXFileReference; lastKnownFileType = folder.assetcatalog; path = Assets.xcassets; sourceTree = "<group>"; };
		F1B759852848C56C0042846A /* KeyboardDemo.app */ = {isa = PBXFileReference; explicitFileType = wrapper.application; includeInIndex = 0; path = KeyboardDemo.app; sourceTree = BUILT_PRODUCTS_DIR; };
		F1B7598B2848C56C0042846A /* KeyboardDemo.app */ = {isa = PBXFileReference; explicitFileType = wrapper.application; includeInIndex = 0; path = KeyboardDemo.app; sourceTree = BUILT_PRODUCTS_DIR; };
		F1B7598D2848C56C0042846A /* macOS.entitlements */ = {isa = PBXFileReference; lastKnownFileType = text.plist.entitlements; path = macOS.entitlements; sourceTree = "<group>"; };
		F1B7599D2848C5B30042846A /* Keyboard */ = {isa = PBXFileReference; lastKnownFileType = wrapper; name = Keyboard; path = ..; sourceTree = "<group>"; };
/* End PBXFileReference section */

/* Begin PBXFrameworksBuildPhase section */
		F1B759822848C56C0042846A /* Frameworks */ = {
			isa = PBXFrameworksBuildPhase;
			buildActionMask = 2147483647;
			files = (
				F1B759A22848C5FB0042846A /* Keyboard in Frameworks */,
			);
			runOnlyForDeploymentPostprocessing = 0;
		};
		F1B759882848C56C0042846A /* Frameworks */ = {
			isa = PBXFrameworksBuildPhase;
			buildActionMask = 2147483647;
			files = (
				F1B759A02848C5F20042846A /* Keyboard in Frameworks */,
			);
			runOnlyForDeploymentPostprocessing = 0;
		};
/* End PBXFrameworksBuildPhase section */

/* Begin PBXGroup section */
		F1B759782848C56B0042846A = {
			isa = PBXGroup;
			children = (
				F1B7599C2848C5B30042846A /* Packages */,
				F1B7597D2848C56B0042846A /* Shared */,
				F1B7598C2848C56C0042846A /* macOS */,
				F1B759862848C56C0042846A /* Products */,
				F1B7599E2848C5F20042846A /* Frameworks */,
			);
			sourceTree = "<group>";
		};
		F1B7597D2848C56B0042846A /* Shared */ = {
			isa = PBXGroup;
			children = (
				F1B7597E2848C56B0042846A /* KeyboardDemoApp.swift */,
				F1B7597F2848C56B0042846A /* ContentView.swift */,
				F1B759802848C56C0042846A /* Assets.xcassets */,
			);
			path = Shared;
			sourceTree = "<group>";
		};
		F1B759862848C56C0042846A /* Products */ = {
			isa = PBXGroup;
			children = (
				F1B759852848C56C0042846A /* KeyboardDemo.app */,
				F1B7598B2848C56C0042846A /* KeyboardDemo.app */,
			);
			name = Products;
			sourceTree = "<group>";
		};
		F1B7598C2848C56C0042846A /* macOS */ = {
			isa = PBXGroup;
			children = (
				F1B7598D2848C56C0042846A /* macOS.entitlements */,
			);
			path = macOS;
			sourceTree = "<group>";
		};
		F1B7599C2848C5B30042846A /* Packages */ = {
			isa = PBXGroup;
			children = (
				F1B7599D2848C5B30042846A /* Keyboard */,
			);
			name = Packages;
			sourceTree = "<group>";
		};
		F1B7599E2848C5F20042846A /* Frameworks */ = {
			isa = PBXGroup;
			children = (
			);
			name = Frameworks;
			sourceTree = "<group>";
		};
/* End PBXGroup section */

/* Begin PBXNativeTarget section */
		F1B759842848C56C0042846A /* KeyboardDemo (iOS) */ = {
			isa = PBXNativeTarget;
			buildConfigurationList = F1B759962848C56C0042846A /* Build configuration list for PBXNativeTarget "KeyboardDemo (iOS)" */;
			buildPhases = (
				F1B759812848C56C0042846A /* Sources */,
				F1B759822848C56C0042846A /* Frameworks */,
				F1B759832848C56C0042846A /* Resources */,
			);
			buildRules = (
			);
			dependencies = (
			);
			name = "KeyboardDemo (iOS)";
			packageProductDependencies = (
				F1B759A12848C5FB0042846A /* Keyboard */,
			);
			productName = "KeyboardDemo (iOS)";
			productReference = F1B759852848C56C0042846A /* KeyboardDemo.app */;
			productType = "com.apple.product-type.application";
		};
		F1B7598A2848C56C0042846A /* KeyboardDemo (macOS) */ = {
			isa = PBXNativeTarget;
			buildConfigurationList = F1B759992848C56C0042846A /* Build configuration list for PBXNativeTarget "KeyboardDemo (macOS)" */;
			buildPhases = (
				F1B759872848C56C0042846A /* Sources */,
				F1B759882848C56C0042846A /* Frameworks */,
				F1B759892848C56C0042846A /* Resources */,
			);
			buildRules = (
			);
			dependencies = (
			);
			name = "KeyboardDemo (macOS)";
			packageProductDependencies = (
				F1B7599F2848C5F20042846A /* Keyboard */,
			);
			productName = "KeyboardDemo (macOS)";
			productReference = F1B7598B2848C56C0042846A /* KeyboardDemo.app */;
			productType = "com.apple.product-type.application";
		};
/* End PBXNativeTarget section */

/* Begin PBXProject section */
		F1B759792848C56B0042846A /* Project object */ = {
			isa = PBXProject;
			attributes = {
				BuildIndependentTargetsInParallel = 1;
				LastSwiftUpdateCheck = 1340;
				LastUpgradeCheck = 1340;
				TargetAttributes = {
					F1B759842848C56C0042846A = {
						CreatedOnToolsVersion = 13.4;
					};
					F1B7598A2848C56C0042846A = {
						CreatedOnToolsVersion = 13.4;
					};
				};
			};
			buildConfigurationList = F1B7597C2848C56B0042846A /* Build configuration list for PBXProject "KeyboardDemo" */;
			compatibilityVersion = "Xcode 13.0";
			developmentRegion = en;
			hasScannedForEncodings = 0;
			knownRegions = (
				en,
				Base,
			);
			mainGroup = F1B759782848C56B0042846A;
			productRefGroup = F1B759862848C56C0042846A /* Products */;
			projectDirPath = "";
			projectRoot = "";
			targets = (
				F1B759842848C56C0042846A /* KeyboardDemo (iOS) */,
				F1B7598A2848C56C0042846A /* KeyboardDemo (macOS) */,
			);
		};
/* End PBXProject section */

/* Begin PBXResourcesBuildPhase section */
		F1B759832848C56C0042846A /* Resources */ = {
			isa = PBXResourcesBuildPhase;
			buildActionMask = 2147483647;
			files = (
				F1B759922848C56C0042846A /* Assets.xcassets in Resources */,
			);
			runOnlyForDeploymentPostprocessing = 0;
		};
		F1B759892848C56C0042846A /* Resources */ = {
			isa = PBXResourcesBuildPhase;
			buildActionMask = 2147483647;
			files = (
				F1B759932848C56C0042846A /* Assets.xcassets in Resources */,
			);
			runOnlyForDeploymentPostprocessing = 0;
		};
/* End PBXResourcesBuildPhase section */

/* Begin PBXSourcesBuildPhase section */
		F1B759812848C56C0042846A /* Sources */ = {
			isa = PBXSourcesBuildPhase;
			buildActionMask = 2147483647;
			files = (
				F1B759902848C56C0042846A /* ContentView.swift in Sources */,
				F1B7598E2848C56C0042846A /* KeyboardDemoApp.swift in Sources */,
			);
			runOnlyForDeploymentPostprocessing = 0;
		};
		F1B759872848C56C0042846A /* Sources */ = {
			isa = PBXSourcesBuildPhase;
			buildActionMask = 2147483647;
			files = (
				F1B759912848C56C0042846A /* ContentView.swift in Sources */,
				F1B7598F2848C56C0042846A /* KeyboardDemoApp.swift in Sources */,
			);
			runOnlyForDeploymentPostprocessing = 0;
		};
/* End PBXSourcesBuildPhase section */

/* Begin XCBuildConfiguration section */
		F1B759942848C56C0042846A /* Debug */ = {
			isa = XCBuildConfiguration;
			buildSettings = {
				ALWAYS_SEARCH_USER_PATHS = NO;
				CLANG_ANALYZER_NONNULL = YES;
				CLANG_ANALYZER_NUMBER_OBJECT_CONVERSION = YES_AGGRESSIVE;
				CLANG_CXX_LANGUAGE_STANDARD = "gnu++17";
				CLANG_ENABLE_MODULES = YES;
				CLANG_ENABLE_OBJC_ARC = YES;
				CLANG_ENABLE_OBJC_WEAK = YES;
				CLANG_WARN_BLOCK_CAPTURE_AUTORELEASING = YES;
				CLANG_WARN_BOOL_CONVERSION = YES;
				CLANG_WARN_COMMA = YES;
				CLANG_WARN_CONSTANT_CONVERSION = YES;
				CLANG_WARN_DEPRECATED_OBJC_IMPLEMENTATIONS = YES;
				CLANG_WARN_DIRECT_OBJC_ISA_USAGE = YES_ERROR;
				CLANG_WARN_DOCUMENTATION_COMMENTS = YES;
				CLANG_WARN_EMPTY_BODY = YES;
				CLANG_WARN_ENUM_CONVERSION = YES;
				CLANG_WARN_INFINITE_RECURSION = YES;
				CLANG_WARN_INT_CONVERSION = YES;
				CLANG_WARN_NON_LITERAL_NULL_CONVERSION = YES;
				CLANG_WARN_OBJC_IMPLICIT_RETAIN_SELF = YES;
				CLANG_WARN_OBJC_LITERAL_CONVERSION = YES;
				CLANG_WARN_OBJC_ROOT_CLASS = YES_ERROR;
				CLANG_WARN_QUOTED_INCLUDE_IN_FRAMEWORK_HEADER = YES;
				CLANG_WARN_RANGE_LOOP_ANALYSIS = YES;
				CLANG_WARN_STRICT_PROTOTYPES = YES;
				CLANG_WARN_SUSPICIOUS_MOVE = YES;
				CLANG_WARN_UNGUARDED_AVAILABILITY = YES_AGGRESSIVE;
				CLANG_WARN_UNREACHABLE_CODE = YES;
				CLANG_WARN__DUPLICATE_METHOD_MATCH = YES;
				COPY_PHASE_STRIP = NO;
				DEBUG_INFORMATION_FORMAT = dwarf;
				ENABLE_STRICT_OBJC_MSGSEND = YES;
				ENABLE_TESTABILITY = YES;
				GCC_C_LANGUAGE_STANDARD = gnu11;
				GCC_DYNAMIC_NO_PIC = NO;
				GCC_NO_COMMON_BLOCKS = YES;
				GCC_OPTIMIZATION_LEVEL = 0;
				GCC_PREPROCESSOR_DEFINITIONS = (
					"DEBUG=1",
					"$(inherited)",
				);
				GCC_WARN_64_TO_32_BIT_CONVERSION = YES;
				GCC_WARN_ABOUT_RETURN_TYPE = YES_ERROR;
				GCC_WARN_UNDECLARED_SELECTOR = YES;
				GCC_WARN_UNINITIALIZED_AUTOS = YES_AGGRESSIVE;
				GCC_WARN_UNUSED_FUNCTION = YES;
				GCC_WARN_UNUSED_VARIABLE = YES;
				MTL_ENABLE_DEBUG_INFO = INCLUDE_SOURCE;
				MTL_FAST_MATH = YES;
				ONLY_ACTIVE_ARCH = YES;
				SWIFT_ACTIVE_COMPILATION_CONDITIONS = DEBUG;
				SWIFT_OPTIMIZATION_LEVEL = "-Onone";
			};
			name = Debug;
		};
		F1B759952848C56C0042846A /* Release */ = {
			isa = XCBuildConfiguration;
			buildSettings = {
				ALWAYS_SEARCH_USER_PATHS = NO;
				CLANG_ANALYZER_NONNULL = YES;
				CLANG_ANALYZER_NUMBER_OBJECT_CONVERSION = YES_AGGRESSIVE;
				CLANG_CXX_LANGUAGE_STANDARD = "gnu++17";
				CLANG_ENABLE_MODULES = YES;
				CLANG_ENABLE_OBJC_ARC = YES;
				CLANG_ENABLE_OBJC_WEAK = YES;
				CLANG_WARN_BLOCK_CAPTURE_AUTORELEASING = YES;
				CLANG_WARN_BOOL_CONVERSION = YES;
				CLANG_WARN_COMMA = YES;
				CLANG_WARN_CONSTANT_CONVERSION = YES;
				CLANG_WARN_DEPRECATED_OBJC_IMPLEMENTATIONS = YES;
				CLANG_WARN_DIRECT_OBJC_ISA_USAGE = YES_ERROR;
				CLANG_WARN_DOCUMENTATION_COMMENTS = YES;
				CLANG_WARN_EMPTY_BODY = YES;
				CLANG_WARN_ENUM_CONVERSION = YES;
				CLANG_WARN_INFINITE_RECURSION = YES;
				CLANG_WARN_INT_CONVERSION = YES;
				CLANG_WARN_NON_LITERAL_NULL_CONVERSION = YES;
				CLANG_WARN_OBJC_IMPLICIT_RETAIN_SELF = YES;
				CLANG_WARN_OBJC_LITERAL_CONVERSION = YES;
				CLANG_WARN_OBJC_ROOT_CLASS = YES_ERROR;
				CLANG_WARN_QUOTED_INCLUDE_IN_FRAMEWORK_HEADER = YES;
				CLANG_WARN_RANGE_LOOP_ANALYSIS = YES;
				CLANG_WARN_STRICT_PROTOTYPES = YES;
				CLANG_WARN_SUSPICIOUS_MOVE = YES;
				CLANG_WARN_UNGUARDED_AVAILABILITY = YES_AGGRESSIVE;
				CLANG_WARN_UNREACHABLE_CODE = YES;
				CLANG_WARN__DUPLICATE_METHOD_MATCH = YES;
				COPY_PHASE_STRIP = NO;
				DEBUG_INFORMATION_FORMAT = "dwarf-with-dsym";
				ENABLE_NS_ASSERTIONS = NO;
				ENABLE_STRICT_OBJC_MSGSEND = YES;
				GCC_C_LANGUAGE_STANDARD = gnu11;
				GCC_NO_COMMON_BLOCKS = YES;
				GCC_WARN_64_TO_32_BIT_CONVERSION = YES;
				GCC_WARN_ABOUT_RETURN_TYPE = YES_ERROR;
				GCC_WARN_UNDECLARED_SELECTOR = YES;
				GCC_WARN_UNINITIALIZED_AUTOS = YES_AGGRESSIVE;
				GCC_WARN_UNUSED_FUNCTION = YES;
				GCC_WARN_UNUSED_VARIABLE = YES;
				MTL_ENABLE_DEBUG_INFO = NO;
				MTL_FAST_MATH = YES;
				SWIFT_COMPILATION_MODE = wholemodule;
				SWIFT_OPTIMIZATION_LEVEL = "-O";
			};
			name = Release;
		};
		F1B759972848C56C0042846A /* Debug */ = {
			isa = XCBuildConfiguration;
			buildSettings = {
				ASSETCATALOG_COMPILER_APPICON_NAME = AppIcon;
				ASSETCATALOG_COMPILER_GLOBAL_ACCENT_COLOR_NAME = AccentColor;
				CODE_SIGN_STYLE = Automatic;
				CURRENT_PROJECT_VERSION = 1;
				DEVELOPMENT_TEAM = W22K9JG3J6;
				ENABLE_PREVIEWS = YES;
				GENERATE_INFOPLIST_FILE = YES;
				INFOPLIST_KEY_UIApplicationSceneManifest_Generation = YES;
				INFOPLIST_KEY_UIApplicationSupportsIndirectInputEvents = YES;
				INFOPLIST_KEY_UILaunchScreen_Generation = YES;
				INFOPLIST_KEY_UISupportedInterfaceOrientations_iPad = "UIInterfaceOrientationPortrait UIInterfaceOrientationPortraitUpsideDown UIInterfaceOrientationLandscapeLeft UIInterfaceOrientationLandscapeRight";
				INFOPLIST_KEY_UISupportedInterfaceOrientations_iPhone = "UIInterfaceOrientationPortrait UIInterfaceOrientationLandscapeLeft UIInterfaceOrientationLandscapeRight";
				IPHONEOS_DEPLOYMENT_TARGET = 15.5;
				LD_RUNPATH_SEARCH_PATHS = (
					"$(inherited)",
					"@executable_path/Frameworks",
				);
				MARKETING_VERSION = 1.0;
				PRODUCT_BUNDLE_IDENTIFIER = io.audiokit.KeyboardDemo;
				PRODUCT_NAME = KeyboardDemo;
				SDKROOT = iphoneos;
				SWIFT_EMIT_LOC_STRINGS = YES;
				SWIFT_VERSION = 5.0;
				TARGETED_DEVICE_FAMILY = "1,2";
			};
			name = Debug;
		};
		F1B759982848C56C0042846A /* Release */ = {
			isa = XCBuildConfiguration;
			buildSettings = {
				ASSETCATALOG_COMPILER_APPICON_NAME = AppIcon;
				ASSETCATALOG_COMPILER_GLOBAL_ACCENT_COLOR_NAME = AccentColor;
				CODE_SIGN_STYLE = Automatic;
				CURRENT_PROJECT_VERSION = 1;
				DEVELOPMENT_TEAM = W22K9JG3J6;
				ENABLE_PREVIEWS = YES;
				GENERATE_INFOPLIST_FILE = YES;
				INFOPLIST_KEY_UIApplicationSceneManifest_Generation = YES;
				INFOPLIST_KEY_UIApplicationSupportsIndirectInputEvents = YES;
				INFOPLIST_KEY_UILaunchScreen_Generation = YES;
				INFOPLIST_KEY_UISupportedInterfaceOrientations_iPad = "UIInterfaceOrientationPortrait UIInterfaceOrientationPortraitUpsideDown UIInterfaceOrientationLandscapeLeft UIInterfaceOrientationLandscapeRight";
				INFOPLIST_KEY_UISupportedInterfaceOrientations_iPhone = "UIInterfaceOrientationPortrait UIInterfaceOrientationLandscapeLeft UIInterfaceOrientationLandscapeRight";
				IPHONEOS_DEPLOYMENT_TARGET = 15.5;
				LD_RUNPATH_SEARCH_PATHS = (
					"$(inherited)",
					"@executable_path/Frameworks",
				);
				MARKETING_VERSION = 1.0;
				PRODUCT_BUNDLE_IDENTIFIER = io.audiokit.KeyboardDemo;
				PRODUCT_NAME = KeyboardDemo;
				SDKROOT = iphoneos;
				SWIFT_EMIT_LOC_STRINGS = YES;
				SWIFT_VERSION = 5.0;
				TARGETED_DEVICE_FAMILY = "1,2";
				VALIDATE_PRODUCT = YES;
			};
			name = Release;
		};
		F1B7599A2848C56C0042846A /* Debug */ = {
			isa = XCBuildConfiguration;
			buildSettings = {
				ASSETCATALOG_COMPILER_APPICON_NAME = AppIcon;
				ASSETCATALOG_COMPILER_GLOBAL_ACCENT_COLOR_NAME = AccentColor;
				CODE_SIGN_ENTITLEMENTS = macOS/macOS.entitlements;
				CODE_SIGN_IDENTITY = "-";
				CODE_SIGN_STYLE = Automatic;
				COMBINE_HIDPI_IMAGES = YES;
				CURRENT_PROJECT_VERSION = 1;
				DEVELOPMENT_TEAM = "";
				ENABLE_HARDENED_RUNTIME = YES;
				ENABLE_PREVIEWS = YES;
				GENERATE_INFOPLIST_FILE = YES;
				INFOPLIST_KEY_NSHumanReadableCopyright = "";
				LD_RUNPATH_SEARCH_PATHS = (
					"$(inherited)",
					"@executable_path/../Frameworks",
				);
				MACOSX_DEPLOYMENT_TARGET = 12.3;
				MARKETING_VERSION = 1.0;
				PRODUCT_BUNDLE_IDENTIFIER = io.audiokit.KeyboardDemo;
				PRODUCT_NAME = KeyboardDemo;
				SDKROOT = macosx;
				SWIFT_EMIT_LOC_STRINGS = YES;
				SWIFT_VERSION = 5.0;
			};
			name = Debug;
		};
		F1B7599B2848C56C0042846A /* Release */ = {
			isa = XCBuildConfiguration;
			buildSettings = {
				ASSETCATALOG_COMPILER_APPICON_NAME = AppIcon;
				ASSETCATALOG_COMPILER_GLOBAL_ACCENT_COLOR_NAME = AccentColor;
				CODE_SIGN_ENTITLEMENTS = macOS/macOS.entitlements;
				CODE_SIGN_IDENTITY = "-";
				CODE_SIGN_STYLE = Automatic;
				COMBINE_HIDPI_IMAGES = YES;
				CURRENT_PROJECT_VERSION = 1;
				DEVELOPMENT_TEAM = "";
				ENABLE_HARDENED_RUNTIME = YES;
				ENABLE_PREVIEWS = YES;
				GENERATE_INFOPLIST_FILE = YES;
				INFOPLIST_KEY_NSHumanReadableCopyright = "";
				LD_RUNPATH_SEARCH_PATHS = (
					"$(inherited)",
					"@executable_path/../Frameworks",
				);
				MACOSX_DEPLOYMENT_TARGET = 12.3;
				MARKETING_VERSION = 1.0;
				PRODUCT_BUNDLE_IDENTIFIER = io.audiokit.KeyboardDemo;
				PRODUCT_NAME = KeyboardDemo;
				SDKROOT = macosx;
				SWIFT_EMIT_LOC_STRINGS = YES;
				SWIFT_VERSION = 5.0;
			};
			name = Release;
		};
/* End XCBuildConfiguration section */

/* Begin XCConfigurationList section */
		F1B7597C2848C56B0042846A /* Build configuration list for PBXProject "KeyboardDemo" */ = {
			isa = XCConfigurationList;
			buildConfigurations = (
				F1B759942848C56C0042846A /* Debug */,
				F1B759952848C56C0042846A /* Release */,
			);
			defaultConfigurationIsVisible = 0;
			defaultConfigurationName = Release;
		};
		F1B759962848C56C0042846A /* Build configuration list for PBXNativeTarget "KeyboardDemo (iOS)" */ = {
			isa = XCConfigurationList;
			buildConfigurations = (
				F1B759972848C56C0042846A /* Debug */,
				F1B759982848C56C0042846A /* Release */,
			);
			defaultConfigurationIsVisible = 0;
			defaultConfigurationName = Release;
		};
		F1B759992848C56C0042846A /* Build configuration list for PBXNativeTarget "KeyboardDemo (macOS)" */ = {
			isa = XCConfigurationList;
			buildConfigurations = (
				F1B7599A2848C56C0042846A /* Debug */,
				F1B7599B2848C56C0042846A /* Release */,
			);
			defaultConfigurationIsVisible = 0;
			defaultConfigurationName = Release;
		};
/* End XCConfigurationList section */

/* Begin XCSwiftPackageProductDependency section */
		F1B7599F2848C5F20042846A /* Keyboard */ = {
			isa = XCSwiftPackageProductDependency;
			productName = Keyboard;
		};
		F1B759A12848C5FB0042846A /* Keyboard */ = {
			isa = XCSwiftPackageProductDependency;
			productName = Keyboard;
		};
/* End XCSwiftPackageProductDependency section */
	};
	rootObject = F1B759792848C56B0042846A /* Project object */;
}
